
Microsoft Visual Studio Solution File, Format Version 12.00
# Visual Studio Version 16
VisualStudioVersion = 16.0.29806.167
MinimumVisualStudioVersion = 10.0.40219.1
Project("{9A19103F-16F7-4668-BE54-9A1E7A4F7556}") = "Ordering.Domain", "Ordering.Domain\Ordering.Domain.csproj", "{4FCB6071-0E2B-4E65-AD20-3D673D8126A2}"
EndProject
Project("{9A19103F-16F7-4668-BE54-9A1E7A4F7556}") = "Ordering.Infrastructure", "Ordering.Infrastructure\Ordering.Infrastructure.csproj", "{10A63EFC-7307-434C-8840-EECDA878136B}"
EndProject
Project("{2150E333-8FDC-42A3-9474-1A3956D46DE8}") = "Solution Items", "Solution Items", "{FD4AAAA2-19E9-440A-A23F-0618B0ECD8CA}"
EndProject
Project("{FAE04EC0-301F-11D3-BF4B-00C04F79EFBC}") = "Ordering.API", "Ordering.API\Ordering.API.csproj", "{AF505AB8-FE51-4AA4-B9CC-B48106245C34}"
EndProject
Project("{FAE04EC0-301F-11D3-BF4B-00C04F79EFBC}") = "Ordering.Framework", "Ordering.Framework\Ordering.Framework.csproj", "{B0129BB2-CA47-4ECD-8DAC-6A60DD9955D3}"
EndProject
Global
	GlobalSection(SolutionConfigurationPlatforms) = preSolution
		Debug|Any CPU = Debug|Any CPU
		Release|Any CPU = Release|Any CPU
	EndGlobalSection
	GlobalSection(ProjectConfigurationPlatforms) = postSolution
		{4FCB6071-0E2B-4E65-AD20-3D673D8126A2}.Debug|Any CPU.ActiveCfg = Debug|Any CPU
		{4FCB6071-0E2B-4E65-AD20-3D673D8126A2}.Debug|Any CPU.Build.0 = Debug|Any CPU
		{4FCB6071-0E2B-4E65-AD20-3D673D8126A2}.Release|Any CPU.ActiveCfg = Release|Any CPU
		{4FCB6071-0E2B-4E65-AD20-3D673D8126A2}.Release|Any CPU.Build.0 = Release|Any CPU
		{10A63EFC-7307-434C-8840-EECDA878136B}.Debug|Any CPU.ActiveCfg = Debug|Any CPU
		{10A63EFC-7307-434C-8840-EECDA878136B}.Debug|Any CPU.Build.0 = Debug|Any CPU
		{10A63EFC-7307-434C-8840-EECDA878136B}.Release|Any CPU.ActiveCfg = Release|Any CPU
		{10A63EFC-7307-434C-8840-EECDA878136B}.Release|Any CPU.Build.0 = Release|Any CPU
		{AF505AB8-FE51-4AA4-B9CC-B48106245C34}.Debug|Any CPU.ActiveCfg = Debug|Any CPU
		{AF505AB8-FE51-4AA4-B9CC-B48106245C34}.Debug|Any CPU.Build.0 = Debug|Any CPU
		{AF505AB8-FE51-4AA4-B9CC-B48106245C34}.Release|Any CPU.ActiveCfg = Release|Any CPU
		{AF505AB8-FE51-4AA4-B9CC-B48106245C34}.Release|Any CPU.Build.0 = Release|Any CPU
		{B0129BB2-CA47-4ECD-8DAC-6A60DD9955D3}.Debug|Any CPU.ActiveCfg = Debug|Any CPU
		{B0129BB2-CA47-4ECD-8DAC-6A60DD9955D3}.Debug|Any CPU.Build.0 = Debug|Any CPU
		{B0129BB2-CA47-4ECD-8DAC-6A60DD9955D3}.Release|Any CPU.ActiveCfg = Release|Any CPU
		{B0129BB2-CA47-4ECD-8DAC-6A60DD9955D3}.Release|Any CPU.Build.0 = Release|Any CPU
	EndGlobalSection
	GlobalSection(SolutionProperties) = preSolution
		HideSolutionNode = FALSE
	EndGlobalSection
	GlobalSection(ExtensibilityGlobals) = postSolution
		SolutionGuid = {C929E64D-9B6E-4BA7-A271-739D2C8A89E4}
	EndGlobalSection
EndGlobal
